
Microsoft Visual Studio Solution File, Format Version 12.00
# Visual Studio Version 17
VisualStudioVersion = 17.5.002.0
MinimumVisualStudioVersion = 10.0.40219.1
Project("{9A19103F-16F7-4668-BE54-9A1E7A4F7556}") = "existingfolder", "existingfolder\existingfolder.csproj", "{AF479F30-C3C9-4AF4-AF92-A1E76E33740C}"
EndProject
Project("{9A19103F-16F7-4668-BE54-9A1E7A4F7556}") = "newfolder", "newfolder\newfolder.csproj", "{9CB0801D-33A4-4EDC-A2A3-48FE8F4BF34A}"
EndProject
Project("{2150E333-8FDC-42A3-9474-1A3956D46DE8}") = "20230707", "20230707", "{2BE19764-D2D6-40D8-BCEB-B1CF010979D7}"
EndProject
Project("{9A19103F-16F7-4668-BE54-9A1E7A4F7556}") = "A1ProgramStructureDemo", "20230707\A1ProgramStructureDemo\A1ProgramStructureDemo.csproj", "{8F93A553-ACC1-41E2-AA6E-1C79117BC641}"
EndProject
Project("{9A19103F-16F7-4668-BE54-9A1E7A4F7556}") = "A2IntVariablesDemo", "20230707\A2IntVariablesDemo\A2IntVariablesDemo.csproj", "{DA1ABEC1-D40C-4398-B8D4-71A4BF9AFBA7}"
EndProject
Project("{9A19103F-16F7-4668-BE54-9A1E7A4F7556}") = "A2ProgramStructureDemo", "20230707\A2ProgramStructureDemo\A2ProgramStructureDemo.csproj", "{22CCADB5-A837-44B9-AF1A-87BE5B4209B5}"
EndProject
Project("{2150E333-8FDC-42A3-9474-1A3956D46DE8}") = "20230713", "20230713", "{320A38F9-C885-4C1D-A494-270FA57019B7}"
EndProject
Project("{9A19103F-16F7-4668-BE54-9A1E7A4F7556}") = "A2FunctionsDemo", "20230713\A2FunctionsDemo\A2FunctionsDemo.csproj", "{B4F6D2DB-7DF9-44F9-A91A-197900390761}"
EndProject
Project("{9A19103F-16F7-4668-BE54-9A1E7A4F7556}") = "A2IntVariablesDemo", "20230713\A2IntVariablesDemo\A2IntVariablesDemo.csproj", "{68157FE6-7AF0-4BF8-A62F-7E365E1A5E0B}"
EndProject
Project("{2150E333-8FDC-42A3-9474-1A3956D46DE8}") = "demos", "demos", "{06BCB855-AC3F-42EE-AD1A-FACF339EF5E2}"
EndProject
Project("{9A19103F-16F7-4668-BE54-9A1E7A4F7556}") = "demo1", "demos\demo1\demo1.csproj", "{C2883E16-C7AF-42AA-91A3-EC1A548B2A34}"
EndProject
Project("{9A19103F-16F7-4668-BE54-9A1E7A4F7556}") = "demo2", "demos\demo2\demo2.csproj", "{29BE33A1-2192-453C-96A3-CCC5EBA93AD1}"
EndProject
Project("{2150E333-8FDC-42A3-9474-1A3956D46DE8}") = "net6", "net6", "{E26E11ED-5419-4399-A598-3392B83108F3}"
EndProject
Project("{9A19103F-16F7-4668-BE54-9A1E7A4F7556}") = "demo6", "net6\demo6\demo6.csproj", "{A90CA079-4E89-4B45-9196-718EE70E3132}"
EndProject
Project("{2150E333-8FDC-42A3-9474-1A3956D46DE8}") = "net7", "net7", "{3AA13B5E-A073-4446-8D73-D2F1B794160C}"
EndProject
Project("{9A19103F-16F7-4668-BE54-9A1E7A4F7556}") = "demo7", "net7\demo7\demo7.csproj", "{8681E92E-F46E-4BD9-8738-F15B73EE6A11}"
EndProject
Project("{2150E333-8FDC-42A3-9474-1A3956D46DE8}") = "net8", "net8", "{7A077869-7BEF-44DB-8A5E-543A6EF1029F}"
EndProject
Project("{9A19103F-16F7-4668-BE54-9A1E7A4F7556}") = "demo8", "net8\demo8\demo8.csproj", "{DAAE421C-6A7D-4345-A5A0-7C68AE17653F}"
EndProject
Project("{2150E333-8FDC-42A3-9474-1A3956D46DE8}") = "newfolder (1)", "newfolder", "{58C51F9C-4B26-46CC-A992-0FA310C8EC75}"
EndProject
Project("{9A19103F-16F7-4668-BE54-9A1E7A4F7556}") = "projectName", "newfolder\demofolder\projectName.csproj", "{D3BE5147-EF3C-411C-9657-DBCBD6DD90BD}"
EndProject
Project("{9A19103F-16F7-4668-BE54-9A1E7A4F7556}") = "projectName (1)", "newfolder\projectName\projectName.csproj", "{95C79A74-BE93-45DB-B370-CBB2DB0300FF}"
EndProject
Global
	GlobalSection(SolutionConfigurationPlatforms) = preSolution
		Debug|Any CPU = Debug|Any CPU
		Release|Any CPU = Release|Any CPU
	EndGlobalSection
	GlobalSection(ProjectConfigurationPlatforms) = postSolution
		{AF479F30-C3C9-4AF4-AF92-A1E76E33740C}.Debug|Any CPU.ActiveCfg = Debug|Any CPU
		{AF479F30-C3C9-4AF4-AF92-A1E76E33740C}.Debug|Any CPU.Build.0 = Debug|Any CPU
		{AF479F30-C3C9-4AF4-AF92-A1E76E33740C}.Release|Any CPU.ActiveCfg = Release|Any CPU
		{AF479F30-C3C9-4AF4-AF92-A1E76E33740C}.Release|Any CPU.Build.0 = Release|Any CPU
		{9CB0801D-33A4-4EDC-A2A3-48FE8F4BF34A}.Debug|Any CPU.ActiveCfg = Debug|Any CPU
		{9CB0801D-33A4-4EDC-A2A3-48FE8F4BF34A}.Debug|Any CPU.Build.0 = Debug|Any CPU
		{9CB0801D-33A4-4EDC-A2A3-48FE8F4BF34A}.Release|Any CPU.ActiveCfg = Release|Any CPU
		{9CB0801D-33A4-4EDC-A2A3-48FE8F4BF34A}.Release|Any CPU.Build.0 = Release|Any CPU
		{8F93A553-ACC1-41E2-AA6E-1C79117BC641}.Debug|Any CPU.ActiveCfg = Debug|Any CPU
		{8F93A553-ACC1-41E2-AA6E-1C79117BC641}.Debug|Any CPU.Build.0 = Debug|Any CPU
		{8F93A553-ACC1-41E2-AA6E-1C79117BC641}.Release|Any CPU.ActiveCfg = Release|Any CPU
		{8F93A553-ACC1-41E2-AA6E-1C79117BC641}.Release|Any CPU.Build.0 = Release|Any CPU
		{DA1ABEC1-D40C-4398-B8D4-71A4BF9AFBA7}.Debug|Any CPU.ActiveCfg = Debug|Any CPU
		{DA1ABEC1-D40C-4398-B8D4-71A4BF9AFBA7}.Debug|Any CPU.Build.0 = Debug|Any CPU
		{DA1ABEC1-D40C-4398-B8D4-71A4BF9AFBA7}.Release|Any CPU.ActiveCfg = Release|Any CPU
		{DA1ABEC1-D40C-4398-B8D4-71A4BF9AFBA7}.Release|Any CPU.Build.0 = Release|Any CPU
		{22CCADB5-A837-44B9-AF1A-87BE5B4209B5}.Debug|Any CPU.ActiveCfg = Debug|Any CPU
		{22CCADB5-A837-44B9-AF1A-87BE5B4209B5}.Debug|Any CPU.Build.0 = Debug|Any CPU
		{22CCADB5-A837-44B9-AF1A-87BE5B4209B5}.Release|Any CPU.ActiveCfg = Release|Any CPU
		{22CCADB5-A837-44B9-AF1A-87BE5B4209B5}.Release|Any CPU.Build.0 = Release|Any CPU
		{B4F6D2DB-7DF9-44F9-A91A-197900390761}.Debug|Any CPU.ActiveCfg = Debug|Any CPU
		{B4F6D2DB-7DF9-44F9-A91A-197900390761}.Debug|Any CPU.Build.0 = Debug|Any CPU
		{B4F6D2DB-7DF9-44F9-A91A-197900390761}.Release|Any CPU.ActiveCfg = Release|Any CPU
		{B4F6D2DB-7DF9-44F9-A91A-197900390761}.Release|Any CPU.Build.0 = Release|Any CPU
		{68157FE6-7AF0-4BF8-A62F-7E365E1A5E0B}.Debug|Any CPU.ActiveCfg = Debug|Any CPU
		{68157FE6-7AF0-4BF8-A62F-7E365E1A5E0B}.Debug|Any CPU.Build.0 = Debug|Any CPU
		{68157FE6-7AF0-4BF8-A62F-7E365E1A5E0B}.Release|Any CPU.ActiveCfg = Release|Any CPU
		{68157FE6-7AF0-4BF8-A62F-7E365E1A5E0B}.Release|Any CPU.Build.0 = Release|Any CPU
		{C2883E16-C7AF-42AA-91A3-EC1A548B2A34}.Debug|Any CPU.ActiveCfg = Debug|Any CPU
		{C2883E16-C7AF-42AA-91A3-EC1A548B2A34}.Debug|Any CPU.Build.0 = Debug|Any CPU
		{C2883E16-C7AF-42AA-91A3-EC1A548B2A34}.Release|Any CPU.ActiveCfg = Release|Any CPU
		{C2883E16-C7AF-42AA-91A3-EC1A548B2A34}.Release|Any CPU.Build.0 = Release|Any CPU
		{29BE33A1-2192-453C-96A3-CCC5EBA93AD1}.Debug|Any CPU.ActiveCfg = Debug|Any CPU
		{29BE33A1-2192-453C-96A3-CCC5EBA93AD1}.Debug|Any CPU.Build.0 = Debug|Any CPU
		{29BE33A1-2192-453C-96A3-CCC5EBA93AD1}.Release|Any CPU.ActiveCfg = Release|Any CPU
		{29BE33A1-2192-453C-96A3-CCC5EBA93AD1}.Release|Any CPU.Build.0 = Release|Any CPU
		{A90CA079-4E89-4B45-9196-718EE70E3132}.Debug|Any CPU.ActiveCfg = Debug|Any CPU
		{A90CA079-4E89-4B45-9196-718EE70E3132}.Debug|Any CPU.Build.0 = Debug|Any CPU
		{A90CA079-4E89-4B45-9196-718EE70E3132}.Release|Any CPU.ActiveCfg = Release|Any CPU
		{A90CA079-4E89-4B45-9196-718EE70E3132}.Release|Any CPU.Build.0 = Release|Any CPU
		{8681E92E-F46E-4BD9-8738-F15B73EE6A11}.Debug|Any CPU.ActiveCfg = Debug|Any CPU
		{8681E92E-F46E-4BD9-8738-F15B73EE6A11}.Debug|Any CPU.Build.0 = Debug|Any CPU
		{8681E92E-F46E-4BD9-8738-F15B73EE6A11}.Release|Any CPU.ActiveCfg = Release|Any CPU
		{8681E92E-F46E-4BD9-8738-F15B73EE6A11}.Release|Any CPU.Build.0 = Release|Any CPU
		{DAAE421C-6A7D-4345-A5A0-7C68AE17653F}.Debug|Any CPU.ActiveCfg = Debug|Any CPU
		{DAAE421C-6A7D-4345-A5A0-7C68AE17653F}.Debug|Any CPU.Build.0 = Debug|Any CPU
		{DAAE421C-6A7D-4345-A5A0-7C68AE17653F}.Release|Any CPU.ActiveCfg = Release|Any CPU
		{DAAE421C-6A7D-4345-A5A0-7C68AE17653F}.Release|Any CPU.Build.0 = Release|Any CPU
		{D3BE5147-EF3C-411C-9657-DBCBD6DD90BD}.Debug|Any CPU.ActiveCfg = Debug|Any CPU
		{D3BE5147-EF3C-411C-9657-DBCBD6DD90BD}.Debug|Any CPU.Build.0 = Debug|Any CPU
		{D3BE5147-EF3C-411C-9657-DBCBD6DD90BD}.Release|Any CPU.ActiveCfg = Release|Any CPU
		{D3BE5147-EF3C-411C-9657-DBCBD6DD90BD}.Release|Any CPU.Build.0 = Release|Any CPU
		{95C79A74-BE93-45DB-B370-CBB2DB0300FF}.Debug|Any CPU.ActiveCfg = Debug|Any CPU
		{95C79A74-BE93-45DB-B370-CBB2DB0300FF}.Debug|Any CPU.Build.0 = Debug|Any CPU
		{95C79A74-BE93-45DB-B370-CBB2DB0300FF}.Release|Any CPU.ActiveCfg = Release|Any CPU
		{95C79A74-BE93-45DB-B370-CBB2DB0300FF}.Release|Any CPU.Build.0 = Release|Any CPU
	EndGlobalSection
	GlobalSection(SolutionProperties) = preSolution
		HideSolutionNode = FALSE
	EndGlobalSection
	GlobalSection(NestedProjects) = preSolution
		{8F93A553-ACC1-41E2-AA6E-1C79117BC641} = {2BE19764-D2D6-40D8-BCEB-B1CF010979D7}
		{DA1ABEC1-D40C-4398-B8D4-71A4BF9AFBA7} = {2BE19764-D2D6-40D8-BCEB-B1CF010979D7}
		{22CCADB5-A837-44B9-AF1A-87BE5B4209B5} = {2BE19764-D2D6-40D8-BCEB-B1CF010979D7}
		{B4F6D2DB-7DF9-44F9-A91A-197900390761} = {320A38F9-C885-4C1D-A494-270FA57019B7}
		{68157FE6-7AF0-4BF8-A62F-7E365E1A5E0B} = {320A38F9-C885-4C1D-A494-270FA57019B7}
		{C2883E16-C7AF-42AA-91A3-EC1A548B2A34} = {06BCB855-AC3F-42EE-AD1A-FACF339EF5E2}
		{29BE33A1-2192-453C-96A3-CCC5EBA93AD1} = {06BCB855-AC3F-42EE-AD1A-FACF339EF5E2}
		{A90CA079-4E89-4B45-9196-718EE70E3132} = {E26E11ED-5419-4399-A598-3392B83108F3}
		{8681E92E-F46E-4BD9-8738-F15B73EE6A11} = {3AA13B5E-A073-4446-8D73-D2F1B794160C}
		{DAAE421C-6A7D-4345-A5A0-7C68AE17653F} = {7A077869-7BEF-44DB-8A5E-543A6EF1029F}
		{D3BE5147-EF3C-411C-9657-DBCBD6DD90BD} = {58C51F9C-4B26-46CC-A992-0FA310C8EC75}
		{95C79A74-BE93-45DB-B370-CBB2DB0300FF} = {58C51F9C-4B26-46CC-A992-0FA310C8EC75}
	EndGlobalSection
	GlobalSection(ExtensibilityGlobals) = postSolution
		SolutionGuid = {879E953E-3297-4611-87BB-957AC3FE25BE}
	EndGlobalSection
EndGlobal
